// !$*UTF8*$!
{
	archiveVersion = 1;
	classes = {
	};
	objectVersion = 50;
	objects = {

/* Begin PBXBuildFile section */
		08839166249F3BC300F2EB5E /* GameTile.swift in Sources */ = {isa = PBXBuildFile; fileRef = 08839165249F3BC300F2EB5E /* GameTile.swift */; };
		08839168249F3BEC00F2EB5E /* PositionState.swift in Sources */ = {isa = PBXBuildFile; fileRef = 08839167249F3BEC00F2EB5E /* PositionState.swift */; };
		0883916A249F3C4900F2EB5E /* GameBoard.swift in Sources */ = {isa = PBXBuildFile; fileRef = 08839169249F3C4900F2EB5E /* GameBoard.swift */; };
		0883916D249F4F8C00F2EB5E /* OSLog+game.swift in Sources */ = {isa = PBXBuildFile; fileRef = 0883916C249F4F8C00F2EB5E /* OSLog+game.swift */; };
		0883916F249F55B400F2EB5E /* GameRulesProvider.swift in Sources */ = {isa = PBXBuildFile; fileRef = 0883916E249F55B400F2EB5E /* GameRulesProvider.swift */; };
		08B4D2A0249F31D800DBD709 /* AppDelegate.swift in Sources */ = {isa = PBXBuildFile; fileRef = 08B4D29F249F31D800DBD709 /* AppDelegate.swift */; };
		08B4D2A2249F31D800DBD709 /* SceneDelegate.swift in Sources */ = {isa = PBXBuildFile; fileRef = 08B4D2A1249F31D800DBD709 /* SceneDelegate.swift */; };
		08B4D2A4249F31D800DBD709 /* ContentView.swift in Sources */ = {isa = PBXBuildFile; fileRef = 08B4D2A3249F31D800DBD709 /* ContentView.swift */; };
		08B4D2A6249F31D800DBD709 /* Assets.xcassets in Resources */ = {isa = PBXBuildFile; fileRef = 08B4D2A5249F31D800DBD709 /* Assets.xcassets */; };
		08B4D2A9249F31D800DBD709 /* Preview Assets.xcassets in Resources */ = {isa = PBXBuildFile; fileRef = 08B4D2A8249F31D800DBD709 /* Preview Assets.xcassets */; };
		08B4D2AC249F31D800DBD709 /* LaunchScreen.storyboard in Resources */ = {isa = PBXBuildFile; fileRef = 08B4D2AA249F31D800DBD709 /* LaunchScreen.storyboard */; };
		08B4D2B7249F31D800DBD709 /* TikTakToeTests.swift in Sources */ = {isa = PBXBuildFile; fileRef = 08B4D2B6249F31D800DBD709 /* TikTakToeTests.swift */; };
		08B4D2C2249F31D900DBD709 /* TikTakToeUITests.swift in Sources */ = {isa = PBXBuildFile; fileRef = 08B4D2C1249F31D900DBD709 /* TikTakToeUITests.swift */; };
		08B4D2D0249F335F00DBD709 /* README.md in Resources */ = {isa = PBXBuildFile; fileRef = 08B4D2CF249F335F00DBD709 /* README.md */; };
/* End PBXBuildFile section */

/* Begin PBXContainerItemProxy section */
		08B4D2B3249F31D800DBD709 /* PBXContainerItemProxy */ = {
			isa = PBXContainerItemProxy;
			containerPortal = 08B4D294249F31D800DBD709 /* Project object */;
			proxyType = 1;
			remoteGlobalIDString = 08B4D29B249F31D800DBD709;
			remoteInfo = TikTakToe;
		};
		08B4D2BE249F31D900DBD709 /* PBXContainerItemProxy */ = {
			isa = PBXContainerItemProxy;
			containerPortal = 08B4D294249F31D800DBD709 /* Project object */;
			proxyType = 1;
			remoteGlobalIDString = 08B4D29B249F31D800DBD709;
			remoteInfo = TikTakToe;
		};
/* End PBXContainerItemProxy section */

/* Begin PBXFileReference section */
		08839165249F3BC300F2EB5E /* GameTile.swift */ = {isa = PBXFileReference; lastKnownFileType = sourcecode.swift; path = GameTile.swift; sourceTree = "<group>"; };
		08839167249F3BEC00F2EB5E /* PositionState.swift */ = {isa = PBXFileReference; lastKnownFileType = sourcecode.swift; path = PositionState.swift; sourceTree = "<group>"; };
		08839169249F3C4900F2EB5E /* GameBoard.swift */ = {isa = PBXFileReference; lastKnownFileType = sourcecode.swift; path = GameBoard.swift; sourceTree = "<group>"; };
		0883916C249F4F8C00F2EB5E /* OSLog+game.swift */ = {isa = PBXFileReference; lastKnownFileType = sourcecode.swift; path = "OSLog+game.swift"; sourceTree = "<group>"; };
		0883916E249F55B400F2EB5E /* GameRulesProvider.swift */ = {isa = PBXFileReference; lastKnownFileType = sourcecode.swift; path = GameRulesProvider.swift; sourceTree = "<group>"; };
		08B4D29C249F31D800DBD709 /* TikTakToe.app */ = {isa = PBXFileReference; explicitFileType = wrapper.application; includeInIndex = 0; path = TikTakToe.app; sourceTree = BUILT_PRODUCTS_DIR; };
		08B4D29F249F31D800DBD709 /* AppDelegate.swift */ = {isa = PBXFileReference; lastKnownFileType = sourcecode.swift; path = AppDelegate.swift; sourceTree = "<group>"; };
		08B4D2A1249F31D800DBD709 /* SceneDelegate.swift */ = {isa = PBXFileReference; lastKnownFileType = sourcecode.swift; path = SceneDelegate.swift; sourceTree = "<group>"; };
		08B4D2A3249F31D800DBD709 /* ContentView.swift */ = {isa = PBXFileReference; lastKnownFileType = sourcecode.swift; path = ContentView.swift; sourceTree = "<group>"; };
		08B4D2A5249F31D800DBD709 /* Assets.xcassets */ = {isa = PBXFileReference; lastKnownFileType = folder.assetcatalog; path = Assets.xcassets; sourceTree = "<group>"; };
		08B4D2A8249F31D800DBD709 /* Preview Assets.xcassets */ = {isa = PBXFileReference; lastKnownFileType = folder.assetcatalog; path = "Preview Assets.xcassets"; sourceTree = "<group>"; };
		08B4D2AB249F31D800DBD709 /* Base */ = {isa = PBXFileReference; lastKnownFileType = file.storyboard; name = Base; path = Base.lproj/LaunchScreen.storyboard; sourceTree = "<group>"; };
		08B4D2AD249F31D800DBD709 /* Info.plist */ = {isa = PBXFileReference; lastKnownFileType = text.plist.xml; path = Info.plist; sourceTree = "<group>"; };
		08B4D2B2249F31D800DBD709 /* TikTakToeTests.xctest */ = {isa = PBXFileReference; explicitFileType = wrapper.cfbundle; includeInIndex = 0; path = TikTakToeTests.xctest; sourceTree = BUILT_PRODUCTS_DIR; };
		08B4D2B6249F31D800DBD709 /* TikTakToeTests.swift */ = {isa = PBXFileReference; lastKnownFileType = sourcecode.swift; path = TikTakToeTests.swift; sourceTree = "<group>"; };
		08B4D2B8249F31D900DBD709 /* Info.plist */ = {isa = PBXFileReference; lastKnownFileType = text.plist.xml; path = Info.plist; sourceTree = "<group>"; };
		08B4D2BD249F31D900DBD709 /* TikTakToeUITests.xctest */ = {isa = PBXFileReference; explicitFileType = wrapper.cfbundle; includeInIndex = 0; path = TikTakToeUITests.xctest; sourceTree = BUILT_PRODUCTS_DIR; };
		08B4D2C1249F31D900DBD709 /* TikTakToeUITests.swift */ = {isa = PBXFileReference; lastKnownFileType = sourcecode.swift; path = TikTakToeUITests.swift; sourceTree = "<group>"; };
		08B4D2C3249F31D900DBD709 /* Info.plist */ = {isa = PBXFileReference; lastKnownFileType = text.plist.xml; path = Info.plist; sourceTree = "<group>"; };
		08B4D2CF249F335F00DBD709 /* README.md */ = {isa = PBXFileReference; lastKnownFileType = net.daringfireball.markdown; path = README.md; sourceTree = "<group>"; };
/* End PBXFileReference section */

/* Begin PBXFrameworksBuildPhase section */
		08B4D299249F31D800DBD709 /* Frameworks */ = {
			isa = PBXFrameworksBuildPhase;
			buildActionMask = 2147483647;
			files = (
			);
			runOnlyForDeploymentPostprocessing = 0;
		};
		08B4D2AF249F31D800DBD709 /* Frameworks */ = {
			isa = PBXFrameworksBuildPhase;
			buildActionMask = 2147483647;
			files = (
			);
			runOnlyForDeploymentPostprocessing = 0;
		};
		08B4D2BA249F31D900DBD709 /* Frameworks */ = {
			isa = PBXFrameworksBuildPhase;
			buildActionMask = 2147483647;
			files = (
			);
			runOnlyForDeploymentPostprocessing = 0;
		};
/* End PBXFrameworksBuildPhase section */

/* Begin PBXGroup section */
		08839164249F3BB700F2EB5E /* Models */ = {
			isa = PBXGroup;
			children = (
				08839165249F3BC300F2EB5E /* GameTile.swift */,
				08839167249F3BEC00F2EB5E /* PositionState.swift */,
				08839169249F3C4900F2EB5E /* GameBoard.swift */,
				0883916E249F55B400F2EB5E /* GameRulesProvider.swift */,
			);
			path = Models;
			sourceTree = "<group>";
		};
		0883916B249F4F7200F2EB5E /* Extensions */ = {
			isa = PBXGroup;
			children = (
				0883916C249F4F8C00F2EB5E /* OSLog+game.swift */,
			);
			path = Extensions;
			sourceTree = "<group>";
		};
		08B4D293249F31D800DBD709 = {
			isa = PBXGroup;
			children = (
				08B4D2CF249F335F00DBD709 /* README.md */,
				08B4D29E249F31D800DBD709 /* TikTakToe */,
				08B4D2B5249F31D800DBD709 /* TikTakToeTests */,
				08B4D2C0249F31D900DBD709 /* TikTakToeUITests */,
				08B4D29D249F31D800DBD709 /* Products */,
			);
			sourceTree = "<group>";
		};
		08B4D29D249F31D800DBD709 /* Products */ = {
			isa = PBXGroup;
			children = (
				08B4D29C249F31D800DBD709 /* TikTakToe.app */,
				08B4D2B2249F31D800DBD709 /* TikTakToeTests.xctest */,
				08B4D2BD249F31D900DBD709 /* TikTakToeUITests.xctest */,
			);
			name = Products;
			sourceTree = "<group>";
		};
		08B4D29E249F31D800DBD709 /* TikTakToe */ = {
			isa = PBXGroup;
			children = (
				0883916B249F4F7200F2EB5E /* Extensions */,
				08839164249F3BB700F2EB5E /* Models */,
				08B4D29F249F31D800DBD709 /* AppDelegate.swift */,
				08B4D2A1249F31D800DBD709 /* SceneDelegate.swift */,
				08B4D2A3249F31D800DBD709 /* ContentView.swift */,
				08B4D2A5249F31D800DBD709 /* Assets.xcassets */,
				08B4D2AA249F31D800DBD709 /* LaunchScreen.storyboard */,
				08B4D2AD249F31D800DBD709 /* Info.plist */,
				08B4D2A7249F31D800DBD709 /* Preview Content */,
			);
			path = TikTakToe;
			sourceTree = "<group>";
		};
		08B4D2A7249F31D800DBD709 /* Preview Content */ = {
			isa = PBXGroup;
			children = (
				08B4D2A8249F31D800DBD709 /* Preview Assets.xcassets */,
			);
			path = "Preview Content";
			sourceTree = "<group>";
		};
		08B4D2B5249F31D800DBD709 /* TikTakToeTests */ = {
			isa = PBXGroup;
			children = (
				08B4D2B6249F31D800DBD709 /* TikTakToeTests.swift */,
				08B4D2B8249F31D900DBD709 /* Info.plist */,
			);
			path = TikTakToeTests;
			sourceTree = "<group>";
		};
		08B4D2C0249F31D900DBD709 /* TikTakToeUITests */ = {
			isa = PBXGroup;
			children = (
				08B4D2C1249F31D900DBD709 /* TikTakToeUITests.swift */,
				08B4D2C3249F31D900DBD709 /* Info.plist */,
			);
			path = TikTakToeUITests;
			sourceTree = "<group>";
		};
/* End PBXGroup section */

/* Begin PBXNativeTarget section */
		08B4D29B249F31D800DBD709 /* TikTakToe */ = {
			isa = PBXNativeTarget;
			buildConfigurationList = 08B4D2C6249F31D900DBD709 /* Build configuration list for PBXNativeTarget "TikTakToe" */;
			buildPhases = (
				08B4D298249F31D800DBD709 /* Sources */,
				08B4D299249F31D800DBD709 /* Frameworks */,
				08B4D29A249F31D800DBD709 /* Resources */,
			);
			buildRules = (
			);
			dependencies = (
			);
			name = TikTakToe;
			productName = TikTakToe;
			productReference = 08B4D29C249F31D800DBD709 /* TikTakToe.app */;
			productType = "com.apple.product-type.application";
		};
		08B4D2B1249F31D800DBD709 /* TikTakToeTests */ = {
			isa = PBXNativeTarget;
			buildConfigurationList = 08B4D2C9249F31D900DBD709 /* Build configuration list for PBXNativeTarget "TikTakToeTests" */;
			buildPhases = (
				08B4D2AE249F31D800DBD709 /* Sources */,
				08B4D2AF249F31D800DBD709 /* Frameworks */,
				08B4D2B0249F31D800DBD709 /* Resources */,
			);
			buildRules = (
			);
			dependencies = (
				08B4D2B4249F31D800DBD709 /* PBXTargetDependency */,
			);
			name = TikTakToeTests;
			productName = TikTakToeTests;
			productReference = 08B4D2B2249F31D800DBD709 /* TikTakToeTests.xctest */;
			productType = "com.apple.product-type.bundle.unit-test";
		};
		08B4D2BC249F31D900DBD709 /* TikTakToeUITests */ = {
			isa = PBXNativeTarget;
			buildConfigurationList = 08B4D2CC249F31D900DBD709 /* Build configuration list for PBXNativeTarget "TikTakToeUITests" */;
			buildPhases = (
				08B4D2B9249F31D900DBD709 /* Sources */,
				08B4D2BA249F31D900DBD709 /* Frameworks */,
				08B4D2BB249F31D900DBD709 /* Resources */,
			);
			buildRules = (
			);
			dependencies = (
				08B4D2BF249F31D900DBD709 /* PBXTargetDependency */,
			);
			name = TikTakToeUITests;
			productName = TikTakToeUITests;
			productReference = 08B4D2BD249F31D900DBD709 /* TikTakToeUITests.xctest */;
			productType = "com.apple.product-type.bundle.ui-testing";
		};
/* End PBXNativeTarget section */

/* Begin PBXProject section */
		08B4D294249F31D800DBD709 /* Project object */ = {
			isa = PBXProject;
			attributes = {
				LastSwiftUpdateCheck = 1150;
				LastUpgradeCheck = 1150;
				ORGANIZATIONNAME = "Headbright Group VOF";
				TargetAttributes = {
					08B4D29B249F31D800DBD709 = {
						CreatedOnToolsVersion = 11.5;
					};
					08B4D2B1249F31D800DBD709 = {
						CreatedOnToolsVersion = 11.5;
						TestTargetID = 08B4D29B249F31D800DBD709;
					};
					08B4D2BC249F31D900DBD709 = {
						CreatedOnToolsVersion = 11.5;
						TestTargetID = 08B4D29B249F31D800DBD709;
					};
				};
			};
			buildConfigurationList = 08B4D297249F31D800DBD709 /* Build configuration list for PBXProject "TikTakToe" */;
			compatibilityVersion = "Xcode 9.3";
			developmentRegion = en;
			hasScannedForEncodings = 0;
			knownRegions = (
				en,
				Base,
			);
			mainGroup = 08B4D293249F31D800DBD709;
			productRefGroup = 08B4D29D249F31D800DBD709 /* Products */;
			projectDirPath = "";
			projectRoot = "";
			targets = (
				08B4D29B249F31D800DBD709 /* TikTakToe */,
				08B4D2B1249F31D800DBD709 /* TikTakToeTests */,
				08B4D2BC249F31D900DBD709 /* TikTakToeUITests */,
			);
		};
/* End PBXProject section */

/* Begin PBXResourcesBuildPhase section */
		08B4D29A249F31D800DBD709 /* Resources */ = {
			isa = PBXResourcesBuildPhase;
			buildActionMask = 2147483647;
			files = (
				08B4D2AC249F31D800DBD709 /* LaunchScreen.storyboard in Resources */,
				08B4D2A9249F31D800DBD709 /* Preview Assets.xcassets in Resources */,
				08B4D2D0249F335F00DBD709 /* README.md in Resources */,
				08B4D2A6249F31D800DBD709 /* Assets.xcassets in Resources */,
			);
			runOnlyForDeploymentPostprocessing = 0;
		};
		08B4D2B0249F31D800DBD709 /* Resources */ = {
			isa = PBXResourcesBuildPhase;
			buildActionMask = 2147483647;
			files = (
			);
			runOnlyForDeploymentPostprocessing = 0;
		};
		08B4D2BB249F31D900DBD709 /* Resources */ = {
			isa = PBXResourcesBuildPhase;
			buildActionMask = 2147483647;
			files = (
			);
			runOnlyForDeploymentPostprocessing = 0;
		};
/* End PBXResourcesBuildPhase section */

/* Begin PBXSourcesBuildPhase section */
		08B4D298249F31D800DBD709 /* Sources */ = {
			isa = PBXSourcesBuildPhase;
			buildActionMask = 2147483647;
			files = (
				08B4D2A0249F31D800DBD709 /* AppDelegate.swift in Sources */,
				08839166249F3BC300F2EB5E /* GameTile.swift in Sources */,
				0883916F249F55B400F2EB5E /* GameRulesProvider.swift in Sources */,
				08B4D2A2249F31D800DBD709 /* SceneDelegate.swift in Sources */,
				08B4D2A4249F31D800DBD709 /* ContentView.swift in Sources */,
				0883916A249F3C4900F2EB5E /* GameBoard.swift in Sources */,
				08839168249F3BEC00F2EB5E /* PositionState.swift in Sources */,
				0883916D249F4F8C00F2EB5E /* OSLog+game.swift in Sources */,
			);
			runOnlyForDeploymentPostprocessing = 0;
		};
		08B4D2AE249F31D800DBD709 /* Sources */ = {
			isa = PBXSourcesBuildPhase;
			buildActionMask = 2147483647;
			files = (
				08B4D2B7249F31D800DBD709 /* TikTakToeTests.swift in Sources */,
			);
			runOnlyForDeploymentPostprocessing = 0;
		};
		08B4D2B9249F31D900DBD709 /* Sources */ = {
			isa = PBXSourcesBuildPhase;
			buildActionMask = 2147483647;
			files = (
				08B4D2C2249F31D900DBD709 /* TikTakToeUITests.swift in Sources */,
			);
			runOnlyForDeploymentPostprocessing = 0;
		};
/* End PBXSourcesBuildPhase section */

/* Begin PBXTargetDependency section */
		08B4D2B4249F31D800DBD709 /* PBXTargetDependency */ = {
			isa = PBXTargetDependency;
			target = 08B4D29B249F31D800DBD709 /* TikTakToe */;
			targetProxy = 08B4D2B3249F31D800DBD709 /* PBXContainerItemProxy */;
		};
		08B4D2BF249F31D900DBD709 /* PBXTargetDependency */ = {
			isa = PBXTargetDependency;
			target = 08B4D29B249F31D800DBD709 /* TikTakToe */;
			targetProxy = 08B4D2BE249F31D900DBD709 /* PBXContainerItemProxy */;
		};
/* End PBXTargetDependency section */

/* Begin PBXVariantGroup section */
		08B4D2AA249F31D800DBD709 /* LaunchScreen.storyboard */ = {
			isa = PBXVariantGroup;
			children = (
				08B4D2AB249F31D800DBD709 /* Base */,
			);
			name = LaunchScreen.storyboard;
			sourceTree = "<group>";
		};
/* End PBXVariantGroup section */

/* Begin XCBuildConfiguration section */
		08B4D2C4249F31D900DBD709 /* Debug */ = {
			isa = XCBuildConfiguration;
			buildSettings = {
				ALWAYS_SEARCH_USER_PATHS = NO;
				CLANG_ANALYZER_NONNULL = YES;
				CLANG_ANALYZER_NUMBER_OBJECT_CONVERSION = YES_AGGRESSIVE;
				CLANG_CXX_LANGUAGE_STANDARD = "gnu++14";
				CLANG_CXX_LIBRARY = "libc++";
				CLANG_ENABLE_MODULES = YES;
				CLANG_ENABLE_OBJC_ARC = YES;
				CLANG_ENABLE_OBJC_WEAK = YES;
				CLANG_WARN_BLOCK_CAPTURE_AUTORELEASING = YES;
				CLANG_WARN_BOOL_CONVERSION = YES;
				CLANG_WARN_COMMA = YES;
				CLANG_WARN_CONSTANT_CONVERSION = YES;
				CLANG_WARN_DEPRECATED_OBJC_IMPLEMENTATIONS = YES;
				CLANG_WARN_DIRECT_OBJC_ISA_USAGE = YES_ERROR;
				CLANG_WARN_DOCUMENTATION_COMMENTS = YES;
				CLANG_WARN_EMPTY_BODY = YES;
				CLANG_WARN_ENUM_CONVERSION = YES;
				CLANG_WARN_INFINITE_RECURSION = YES;
				CLANG_WARN_INT_CONVERSION = YES;
				CLANG_WARN_NON_LITERAL_NULL_CONVERSION = YES;
				CLANG_WARN_OBJC_IMPLICIT_RETAIN_SELF = YES;
				CLANG_WARN_OBJC_LITERAL_CONVERSION = YES;
				CLANG_WARN_OBJC_ROOT_CLASS = YES_ERROR;
				CLANG_WARN_RANGE_LOOP_ANALYSIS = YES;
				CLANG_WARN_STRICT_PROTOTYPES = YES;
				CLANG_WARN_SUSPICIOUS_MOVE = YES;
				CLANG_WARN_UNGUARDED_AVAILABILITY = YES_AGGRESSIVE;
				CLANG_WARN_UNREACHABLE_CODE = YES;
				CLANG_WARN__DUPLICATE_METHOD_MATCH = YES;
				COPY_PHASE_STRIP = NO;
				DEBUG_INFORMATION_FORMAT = dwarf;
				ENABLE_STRICT_OBJC_MSGSEND = YES;
				ENABLE_TESTABILITY = YES;
				GCC_C_LANGUAGE_STANDARD = gnu11;
				GCC_DYNAMIC_NO_PIC = NO;
				GCC_NO_COMMON_BLOCKS = YES;
				GCC_OPTIMIZATION_LEVEL = 0;
				GCC_PREPROCESSOR_DEFINITIONS = (
					"DEBUG=1",
					"$(inherited)",
				);
				GCC_WARN_64_TO_32_BIT_CONVERSION = YES;
				GCC_WARN_ABOUT_RETURN_TYPE = YES_ERROR;
				GCC_WARN_UNDECLARED_SELECTOR = YES;
				GCC_WARN_UNINITIALIZED_AUTOS = YES_AGGRESSIVE;
				GCC_WARN_UNUSED_FUNCTION = YES;
				GCC_WARN_UNUSED_VARIABLE = YES;
				IPHONEOS_DEPLOYMENT_TARGET = 13.5;
				MTL_ENABLE_DEBUG_INFO = INCLUDE_SOURCE;
				MTL_FAST_MATH = YES;
				ONLY_ACTIVE_ARCH = YES;
				SDKROOT = iphoneos;
				SWIFT_ACTIVE_COMPILATION_CONDITIONS = DEBUG;
				SWIFT_OPTIMIZATION_LEVEL = "-Onone";
			};
			name = Debug;
		};
		08B4D2C5249F31D900DBD709 /* Release */ = {
			isa = XCBuildConfiguration;
			buildSettings = {
				ALWAYS_SEARCH_USER_PATHS = NO;
				CLANG_ANALYZER_NONNULL = YES;
				CLANG_ANALYZER_NUMBER_OBJECT_CONVERSION = YES_AGGRESSIVE;
				CLANG_CXX_LANGUAGE_STANDARD = "gnu++14";
				CLANG_CXX_LIBRARY = "libc++";
				CLANG_ENABLE_MODULES = YES;
				CLANG_ENABLE_OBJC_ARC = YES;
				CLANG_ENABLE_OBJC_WEAK = YES;
				CLANG_WARN_BLOCK_CAPTURE_AUTORELEASING = YES;
				CLANG_WARN_BOOL_CONVERSION = YES;
				CLANG_WARN_COMMA = YES;
				CLANG_WARN_CONSTANT_CONVERSION = YES;
				CLANG_WARN_DEPRECATED_OBJC_IMPLEMENTATIONS = YES;
				CLANG_WARN_DIRECT_OBJC_ISA_USAGE = YES_ERROR;
				CLANG_WARN_DOCUMENTATION_COMMENTS = YES;
				CLANG_WARN_EMPTY_BODY = YES;
				CLANG_WARN_ENUM_CONVERSION = YES;
				CLANG_WARN_INFINITE_RECURSION = YES;
				CLANG_WARN_INT_CONVERSION = YES;
				CLANG_WARN_NON_LITERAL_NULL_CONVERSION = YES;
				CLANG_WARN_OBJC_IMPLICIT_RETAIN_SELF = YES;
				CLANG_WARN_OBJC_LITERAL_CONVERSION = YES;
				CLANG_WARN_OBJC_ROOT_CLASS = YES_ERROR;
				CLANG_WARN_RANGE_LOOP_ANALYSIS = YES;
				CLANG_WARN_STRICT_PROTOTYPES = YES;
				CLANG_WARN_SUSPICIOUS_MOVE = YES;
				CLANG_WARN_UNGUARDED_AVAILABILITY = YES_AGGRESSIVE;
				CLANG_WARN_UNREACHABLE_CODE = YES;
				CLANG_WARN__DUPLICATE_METHOD_MATCH = YES;
				COPY_PHASE_STRIP = NO;
				DEBUG_INFORMATION_FORMAT = "dwarf-with-dsym";
				ENABLE_NS_ASSERTIONS = NO;
				ENABLE_STRICT_OBJC_MSGSEND = YES;
				GCC_C_LANGUAGE_STANDARD = gnu11;
				GCC_NO_COMMON_BLOCKS = YES;
				GCC_WARN_64_TO_32_BIT_CONVERSION = YES;
				GCC_WARN_ABOUT_RETURN_TYPE = YES_ERROR;
				GCC_WARN_UNDECLARED_SELECTOR = YES;
				GCC_WARN_UNINITIALIZED_AUTOS = YES_AGGRESSIVE;
				GCC_WARN_UNUSED_FUNCTION = YES;
				GCC_WARN_UNUSED_VARIABLE = YES;
				IPHONEOS_DEPLOYMENT_TARGET = 13.5;
				MTL_ENABLE_DEBUG_INFO = NO;
				MTL_FAST_MATH = YES;
				SDKROOT = iphoneos;
				SWIFT_COMPILATION_MODE = wholemodule;
				SWIFT_OPTIMIZATION_LEVEL = "-O";
				VALIDATE_PRODUCT = YES;
			};
			name = Release;
		};
		08B4D2C7249F31D900DBD709 /* Debug */ = {
			isa = XCBuildConfiguration;
			buildSettings = {
				ASSETCATALOG_COMPILER_APPICON_NAME = AppIcon;
				CODE_SIGN_STYLE = Automatic;
				DEVELOPMENT_ASSET_PATHS = "\"TikTakToe/Preview Content\"";
				DEVELOPMENT_TEAM = MS6MBBXCFJ;
				ENABLE_PREVIEWS = YES;
				INFOPLIST_FILE = TikTakToe/Info.plist;
				LD_RUNPATH_SEARCH_PATHS = (
					"$(inherited)",
					"@executable_path/Frameworks",
				);
				PRODUCT_BUNDLE_IDENTIFIER = eu.headbright.tutorials.TikTakToe;
				PRODUCT_NAME = "$(TARGET_NAME)";
				SWIFT_VERSION = 5.0;
				TARGETED_DEVICE_FAMILY = "1,2";
			};
			name = Debug;
		};
		08B4D2C8249F31D900DBD709 /* Release */ = {
			isa = XCBuildConfiguration;
			buildSettings = {
				ASSETCATALOG_COMPILER_APPICON_NAME = AppIcon;
				CODE_SIGN_STYLE = Automatic;
				DEVELOPMENT_ASSET_PATHS = "\"TikTakToe/Preview Content\"";
				DEVELOPMENT_TEAM = MS6MBBXCFJ;
				ENABLE_PREVIEWS = YES;
				INFOPLIST_FILE = TikTakToe/Info.plist;
				LD_RUNPATH_SEARCH_PATHS = (
					"$(inherited)",
					"@executable_path/Frameworks",
				);
				PRODUCT_BUNDLE_IDENTIFIER = eu.headbright.tutorials.TikTakToe;
				PRODUCT_NAME = "$(TARGET_NAME)";
				SWIFT_VERSION = 5.0;
				TARGETED_DEVICE_FAMILY = "1,2";
			};
			name = Release;
		};
		08B4D2CA249F31D900DBD709 /* Debug */ = {
			isa = XCBuildConfiguration;
			buildSettings = {
				ALWAYS_EMBED_SWIFT_STANDARD_LIBRARIES = YES;
				BUNDLE_LOADER = "$(TEST_HOST)";
				CODE_SIGN_STYLE = Automatic;
				DEVELOPMENT_TEAM = MS6MBBXCFJ;
				INFOPLIST_FILE = TikTakToeTests/Info.plist;
				IPHONEOS_DEPLOYMENT_TARGET = 13.5;
				LD_RUNPATH_SEARCH_PATHS = (
					"$(inherited)",
					"@executable_path/Frameworks",
					"@loader_path/Frameworks",
				);
				PRODUCT_BUNDLE_IDENTIFIER = eu.headbright.tutorials.TikTakToeTests;
				PRODUCT_NAME = "$(TARGET_NAME)";
				SWIFT_VERSION = 5.0;
				TARGETED_DEVICE_FAMILY = "1,2";
				TEST_HOST = "$(BUILT_PRODUCTS_DIR)/TikTakToe.app/TikTakToe";
			};
			name = Debug;
		};
		08B4D2CB249F31D900DBD709 /* Release */ = {
			isa = XCBuildConfiguration;
			buildSettings = {
				ALWAYS_EMBED_SWIFT_STANDARD_LIBRARIES = YES;
				BUNDLE_LOADER = "$(TEST_HOST)";
				CODE_SIGN_STYLE = Automatic;
				DEVELOPMENT_TEAM = MS6MBBXCFJ;
				INFOPLIST_FILE = TikTakToeTests/Info.plist;
				IPHONEOS_DEPLOYMENT_TARGET = 13.5;
				LD_RUNPATH_SEARCH_PATHS = (
					"$(inherited)",
					"@executable_path/Frameworks",
					"@loader_path/Frameworks",
				);
				PRODUCT_BUNDLE_IDENTIFIER = eu.headbright.tutorials.TikTakToeTests;
				PRODUCT_NAME = "$(TARGET_NAME)";
				SWIFT_VERSION = 5.0;
				TARGETED_DEVICE_FAMILY = "1,2";
				TEST_HOST = "$(BUILT_PRODUCTS_DIR)/TikTakToe.app/TikTakToe";
			};
			name = Release;
		};
		08B4D2CD249F31D900DBD709 /* Debug */ = {
			isa = XCBuildConfiguration;
			buildSettings = {
				ALWAYS_EMBED_SWIFT_STANDARD_LIBRARIES = YES;
				CODE_SIGN_STYLE = Automatic;
				DEVELOPMENT_TEAM = MS6MBBXCFJ;
				INFOPLIST_FILE = TikTakToeUITests/Info.plist;
				LD_RUNPATH_SEARCH_PATHS = (
					"$(inherited)",
					"@executable_path/Frameworks",
					"@loader_path/Frameworks",
				);
				PRODUCT_BUNDLE_IDENTIFIER = eu.headbright.tutorials.TikTakToeUITests;
				PRODUCT_NAME = "$(TARGET_NAME)";
				SWIFT_VERSION = 5.0;
				TARGETED_DEVICE_FAMILY = "1,2";
				TEST_TARGET_NAME = TikTakToe;
			};
			name = Debug;
		};
		08B4D2CE249F31D900DBD709 /* Release */ = {
			isa = XCBuildConfiguration;
			buildSettings = {
				ALWAYS_EMBED_SWIFT_STANDARD_LIBRARIES = YES;
				CODE_SIGN_STYLE = Automatic;
				DEVELOPMENT_TEAM = MS6MBBXCFJ;
				INFOPLIST_FILE = TikTakToeUITests/Info.plist;
				LD_RUNPATH_SEARCH_PATHS = (
					"$(inherited)",
					"@executable_path/Frameworks",
					"@loader_path/Frameworks",
				);
				PRODUCT_BUNDLE_IDENTIFIER = eu.headbright.tutorials.TikTakToeUITests;
				PRODUCT_NAME = "$(TARGET_NAME)";
				SWIFT_VERSION = 5.0;
				TARGETED_DEVICE_FAMILY = "1,2";
				TEST_TARGET_NAME = TikTakToe;
			};
			name = Release;
		};
/* End XCBuildConfiguration section */

/* Begin XCConfigurationList section */
		08B4D297249F31D800DBD709 /* Build configuration list for PBXProject "TikTakToe" */ = {
			isa = XCConfigurationList;
			buildConfigurations = (
				08B4D2C4249F31D900DBD709 /* Debug */,
				08B4D2C5249F31D900DBD709 /* Release */,
			);
			defaultConfigurationIsVisible = 0;
			defaultConfigurationName = Release;
		};
		08B4D2C6249F31D900DBD709 /* Build configuration list for PBXNativeTarget "TikTakToe" */ = {
			isa = XCConfigurationList;
			buildConfigurations = (
				08B4D2C7249F31D900DBD709 /* Debug */,
				08B4D2C8249F31D900DBD709 /* Release */,
			);
			defaultConfigurationIsVisible = 0;
			defaultConfigurationName = Release;
		};
		08B4D2C9249F31D900DBD709 /* Build configuration list for PBXNativeTarget "TikTakToeTests" */ = {
			isa = XCConfigurationList;
			buildConfigurations = (
				08B4D2CA249F31D900DBD709 /* Debug */,
				08B4D2CB249F31D900DBD709 /* Release */,
			);
			defaultConfigurationIsVisible = 0;
			defaultConfigurationName = Release;
		};
		08B4D2CC249F31D900DBD709 /* Build configuration list for PBXNativeTarget "TikTakToeUITests" */ = {
			isa = XCConfigurationList;
			buildConfigurations = (
				08B4D2CD249F31D900DBD709 /* Debug */,
				08B4D2CE249F31D900DBD709 /* Release */,
			);
			defaultConfigurationIsVisible = 0;
			defaultConfigurationName = Release;
		};
/* End XCConfigurationList section */
	};
	rootObject = 08B4D294249F31D800DBD709 /* Project object */;
}
